
Microsoft Visual Studio Solution File, Format Version 12.00
# Visual Studio Version 17
VisualStudioVersion = 17.14.36310.24
MinimumVisualStudioVersion = 10.0.40219.1
Project("{FAE04EC0-301F-11D3-BF4B-00C04F79EFBC}") = "TradingEngineServer", "TradingEngineServer.csproj", "{B691CB73-3C8B-4F89-8829-2ED851B718C6}"
EndProject
Project("{FAE04EC0-301F-11D3-BF4B-00C04F79EFBC}") = "LoggingCS", "..\LoggingCS\LoggingCS\LoggingCS.csproj", "{929EA2E2-4E6B-485A-834A-5E26B7944C30}"
EndProject
Global
	GlobalSection(SolutionConfigurationPlatforms) = preSolution
		Debug|Any CPU = Debug|Any CPU
		Release|Any CPU = Release|Any CPU
	EndGlobalSection
	GlobalSection(ProjectConfigurationPlatforms) = postSolution
		{B691CB73-3C8B-4F89-8829-2ED851B718C6}.Debug|Any CPU.ActiveCfg = Debug|Any CPU
		{B691CB73-3C8B-4F89-8829-2ED851B718C6}.Debug|Any CPU.Build.0 = Debug|Any CPU
		{B691CB73-3C8B-4F89-8829-2ED851B718C6}.Release|Any CPU.ActiveCfg = Release|Any CPU
		{B691CB73-3C8B-4F89-8829-2ED851B718C6}.Release|Any CPU.Build.0 = Release|Any CPU
		{929EA2E2-4E6B-485A-834A-5E26B7944C30}.Debug|Any CPU.ActiveCfg = Debug|Any CPU
		{929EA2E2-4E6B-485A-834A-5E26B7944C30}.Debug|Any CPU.Build.0 = Debug|Any CPU
		{929EA2E2-4E6B-485A-834A-5E26B7944C30}.Release|Any CPU.ActiveCfg = Release|Any CPU
		{929EA2E2-4E6B-485A-834A-5E26B7944C30}.Release|Any CPU.Build.0 = Release|Any CPU
	EndGlobalSection
	GlobalSection(SolutionProperties) = preSolution
		HideSolutionNode = FALSE
	EndGlobalSection
	GlobalSection(ExtensibilityGlobals) = postSolution
		SolutionGuid = {CAD5D611-558E-4F04-A998-FEE0557BAF9B}
	EndGlobalSection
EndGlobal
